// !$*UTF8*$!
{
	archiveVersion = 1;
	classes = {
	};
	objectVersion = 56;
	objects = {

/* Begin PBXBuildFile section */
		2C5CFD9A2B8FBC8E006E1546 /* NetworkManagerTests.swift in Sources */ = {isa = PBXBuildFile; fileRef = 2C5CFD992B8FBC8E006E1546 /* NetworkManagerTests.swift */; };
		2C5CFD9D2B8FC9BD006E1546 /* BooksAPI.swift in Sources */ = {isa = PBXBuildFile; fileRef = 2C5CFD9C2B8FC9BD006E1546 /* BooksAPI.swift */; };
		2C5CFD9F2B8FCBBC006E1546 /* BooksClient.swift in Sources */ = {isa = PBXBuildFile; fileRef = 2C5CFD9E2B8FCBBC006E1546 /* BooksClient.swift */; };
		2C5CFDA12B8FEFA5006E1546 /* BookDetailViewModel.swift in Sources */ = {isa = PBXBuildFile; fileRef = 2C5CFDA02B8FEFA5006E1546 /* BookDetailViewModel.swift */; };
		2C5CFDA32B8FF25E006E1546 /* BookDetail.swift in Sources */ = {isa = PBXBuildFile; fileRef = 2C5CFDA22B8FF25E006E1546 /* BookDetail.swift */; };
		2C5DB0712B8E32EB00327B61 /* BooksApp.swift in Sources */ = {isa = PBXBuildFile; fileRef = 2C5DB0702B8E32EB00327B61 /* BooksApp.swift */; };
		2C5DB0732B8E32EB00327B61 /* BooksListView.swift in Sources */ = {isa = PBXBuildFile; fileRef = 2C5DB0722B8E32EB00327B61 /* BooksListView.swift */; };
		2C5DB0752B8E32EC00327B61 /* Assets.xcassets in Resources */ = {isa = PBXBuildFile; fileRef = 2C5DB0742B8E32EC00327B61 /* Assets.xcassets */; };
		2C5DB0782B8E32EC00327B61 /* Preview Assets.xcassets in Resources */ = {isa = PBXBuildFile; fileRef = 2C5DB0772B8E32EC00327B61 /* Preview Assets.xcassets */; };
		2C5DB0822B8E32EC00327B61 /* BooksListViewTests.swift in Sources */ = {isa = PBXBuildFile; fileRef = 2C5DB0812B8E32EC00327B61 /* BooksListViewTests.swift */; };
		2C5DB08C2B8E32EC00327B61 /* BooksListViewUITests.swift in Sources */ = {isa = PBXBuildFile; fileRef = 2C5DB08B2B8E32EC00327B61 /* BooksListViewUITests.swift */; };
		2C5DB08E2B8E32EC00327B61 /* BooksUITestsLaunchTests.swift in Sources */ = {isa = PBXBuildFile; fileRef = 2C5DB08D2B8E32EC00327B61 /* BooksUITestsLaunchTests.swift */; };
		2C5DB09E2B8E3A9700327B61 /* BooksListViewModel.swift in Sources */ = {isa = PBXBuildFile; fileRef = 2C5DB09D2B8E3A9700327B61 /* BooksListViewModel.swift */; };
		2C5DB0A12B8E3ACA00327B61 /* Book.swift in Sources */ = {isa = PBXBuildFile; fileRef = 2C5DB0A02B8E3ACA00327B61 /* Book.swift */; };
		2C5DB0A32B8E5DFB00327B61 /* BookDetailView.swift in Sources */ = {isa = PBXBuildFile; fileRef = 2C5DB0A22B8E5DFB00327B61 /* BookDetailView.swift */; };
		2C5DB0A92B8E620A00327B61 /* ViewInspector in Frameworks */ = {isa = PBXBuildFile; productRef = 2C5DB0A82B8E620A00327B61 /* ViewInspector */; };
		2C5DB0AB2B8E681D00327B61 /* BookDetailViewTests.swift in Sources */ = {isa = PBXBuildFile; fileRef = 2C5DB0AA2B8E681D00327B61 /* BookDetailViewTests.swift */; };
		2C5DB0AE2B8E6B7F00327B61 /* BooksListViewModelTests.swift in Sources */ = {isa = PBXBuildFile; fileRef = 2C5DB0AD2B8E6B7F00327B61 /* BooksListViewModelTests.swift */; };
		2C5DB0B22B8E768200327B61 /* APIRequestConfiguration.swift in Sources */ = {isa = PBXBuildFile; fileRef = 2C5DB0B12B8E768200327B61 /* APIRequestConfiguration.swift */; };
		2C5DB0B42B8E76E900327B61 /* APIRequestParameters.swift in Sources */ = {isa = PBXBuildFile; fileRef = 2C5DB0B32B8E76E900327B61 /* APIRequestParameters.swift */; };
		2C5DB0B62B8E78ED00327B61 /* RESTNetworking.swift in Sources */ = {isa = PBXBuildFile; fileRef = 2C5DB0B52B8E78ED00327B61 /* RESTNetworking.swift */; };
		2C5DB0B82B8E7B5C00327B61 /* NetworkError.swift in Sources */ = {isa = PBXBuildFile; fileRef = 2C5DB0B72B8E7B5C00327B61 /* NetworkError.swift */; };
		2C5DB0BA2B8E7B7900327B61 /* NetworkSession.swift in Sources */ = {isa = PBXBuildFile; fileRef = 2C5DB0B92B8E7B7900327B61 /* NetworkSession.swift */; };
/* End PBXBuildFile section */

/* Begin PBXContainerItemProxy section */
		2C5DB07E2B8E32EC00327B61 /* PBXContainerItemProxy */ = {
			isa = PBXContainerItemProxy;
			containerPortal = 2C5DB0652B8E32EB00327B61 /* Project object */;
			proxyType = 1;
			remoteGlobalIDString = 2C5DB06C2B8E32EB00327B61;
			remoteInfo = Books;
		};
		2C5DB0882B8E32EC00327B61 /* PBXContainerItemProxy */ = {
			isa = PBXContainerItemProxy;
			containerPortal = 2C5DB0652B8E32EB00327B61 /* Project object */;
			proxyType = 1;
			remoteGlobalIDString = 2C5DB06C2B8E32EB00327B61;
			remoteInfo = Books;
		};
/* End PBXContainerItemProxy section */

/* Begin PBXFileReference section */
		2C5CFD992B8FBC8E006E1546 /* NetworkManagerTests.swift */ = {isa = PBXFileReference; lastKnownFileType = sourcecode.swift; path = NetworkManagerTests.swift; sourceTree = "<group>"; };
		2C5CFD9C2B8FC9BD006E1546 /* BooksAPI.swift */ = {isa = PBXFileReference; lastKnownFileType = sourcecode.swift; path = BooksAPI.swift; sourceTree = "<group>"; };
		2C5CFD9E2B8FCBBC006E1546 /* BooksClient.swift */ = {isa = PBXFileReference; lastKnownFileType = sourcecode.swift; path = BooksClient.swift; sourceTree = "<group>"; };
		2C5CFDA02B8FEFA5006E1546 /* BookDetailViewModel.swift */ = {isa = PBXFileReference; lastKnownFileType = sourcecode.swift; path = BookDetailViewModel.swift; sourceTree = "<group>"; };
		2C5CFDA22B8FF25E006E1546 /* BookDetail.swift */ = {isa = PBXFileReference; lastKnownFileType = sourcecode.swift; path = BookDetail.swift; sourceTree = "<group>"; };
		2C5DB06D2B8E32EB00327B61 /* Books.app */ = {isa = PBXFileReference; explicitFileType = wrapper.application; includeInIndex = 0; path = Books.app; sourceTree = BUILT_PRODUCTS_DIR; };
		2C5DB0702B8E32EB00327B61 /* BooksApp.swift */ = {isa = PBXFileReference; lastKnownFileType = sourcecode.swift; path = BooksApp.swift; sourceTree = "<group>"; };
		2C5DB0722B8E32EB00327B61 /* BooksListView.swift */ = {isa = PBXFileReference; lastKnownFileType = sourcecode.swift; path = BooksListView.swift; sourceTree = "<group>"; };
		2C5DB0742B8E32EC00327B61 /* Assets.xcassets */ = {isa = PBXFileReference; lastKnownFileType = folder.assetcatalog; path = Assets.xcassets; sourceTree = "<group>"; };
		2C5DB0772B8E32EC00327B61 /* Preview Assets.xcassets */ = {isa = PBXFileReference; lastKnownFileType = folder.assetcatalog; path = "Preview Assets.xcassets"; sourceTree = "<group>"; };
		2C5DB07D2B8E32EC00327B61 /* BooksTests.xctest */ = {isa = PBXFileReference; explicitFileType = wrapper.cfbundle; includeInIndex = 0; path = BooksTests.xctest; sourceTree = BUILT_PRODUCTS_DIR; };
		2C5DB0812B8E32EC00327B61 /* BooksListViewTests.swift */ = {isa = PBXFileReference; lastKnownFileType = sourcecode.swift; path = BooksListViewTests.swift; sourceTree = "<group>"; };
		2C5DB0872B8E32EC00327B61 /* BooksUITests.xctest */ = {isa = PBXFileReference; explicitFileType = wrapper.cfbundle; includeInIndex = 0; path = BooksUITests.xctest; sourceTree = BUILT_PRODUCTS_DIR; };
		2C5DB08B2B8E32EC00327B61 /* BooksListViewUITests.swift */ = {isa = PBXFileReference; lastKnownFileType = sourcecode.swift; path = BooksListViewUITests.swift; sourceTree = "<group>"; };
		2C5DB08D2B8E32EC00327B61 /* BooksUITestsLaunchTests.swift */ = {isa = PBXFileReference; lastKnownFileType = sourcecode.swift; path = BooksUITestsLaunchTests.swift; sourceTree = "<group>"; };
		2C5DB09D2B8E3A9700327B61 /* BooksListViewModel.swift */ = {isa = PBXFileReference; lastKnownFileType = sourcecode.swift; path = BooksListViewModel.swift; sourceTree = "<group>"; };
		2C5DB0A02B8E3ACA00327B61 /* Book.swift */ = {isa = PBXFileReference; lastKnownFileType = sourcecode.swift; path = Book.swift; sourceTree = "<group>"; };
		2C5DB0A22B8E5DFB00327B61 /* BookDetailView.swift */ = {isa = PBXFileReference; lastKnownFileType = sourcecode.swift; path = BookDetailView.swift; sourceTree = "<group>"; };
		2C5DB0AA2B8E681D00327B61 /* BookDetailViewTests.swift */ = {isa = PBXFileReference; lastKnownFileType = sourcecode.swift; path = BookDetailViewTests.swift; sourceTree = "<group>"; };
		2C5DB0AD2B8E6B7F00327B61 /* BooksListViewModelTests.swift */ = {isa = PBXFileReference; lastKnownFileType = sourcecode.swift; path = BooksListViewModelTests.swift; sourceTree = "<group>"; };
		2C5DB0B12B8E768200327B61 /* APIRequestConfiguration.swift */ = {isa = PBXFileReference; lastKnownFileType = sourcecode.swift; path = APIRequestConfiguration.swift; sourceTree = "<group>"; };
		2C5DB0B32B8E76E900327B61 /* APIRequestParameters.swift */ = {isa = PBXFileReference; lastKnownFileType = sourcecode.swift; path = APIRequestParameters.swift; sourceTree = "<group>"; };
		2C5DB0B52B8E78ED00327B61 /* RESTNetworking.swift */ = {isa = PBXFileReference; lastKnownFileType = sourcecode.swift; path = RESTNetworking.swift; sourceTree = "<group>"; };
		2C5DB0B72B8E7B5C00327B61 /* NetworkError.swift */ = {isa = PBXFileReference; lastKnownFileType = sourcecode.swift; path = NetworkError.swift; sourceTree = "<group>"; };
		2C5DB0B92B8E7B7900327B61 /* NetworkSession.swift */ = {isa = PBXFileReference; lastKnownFileType = sourcecode.swift; path = NetworkSession.swift; sourceTree = "<group>"; };
/* End PBXFileReference section */

/* Begin PBXFrameworksBuildPhase section */
		2C5DB06A2B8E32EB00327B61 /* Frameworks */ = {
			isa = PBXFrameworksBuildPhase;
			buildActionMask = 2147483647;
			files = (
			);
			runOnlyForDeploymentPostprocessing = 0;
		};
		2C5DB07A2B8E32EC00327B61 /* Frameworks */ = {
			isa = PBXFrameworksBuildPhase;
			buildActionMask = 2147483647;
			files = (
				2C5DB0A92B8E620A00327B61 /* ViewInspector in Frameworks */,
			);
			runOnlyForDeploymentPostprocessing = 0;
		};
		2C5DB0842B8E32EC00327B61 /* Frameworks */ = {
			isa = PBXFrameworksBuildPhase;
			buildActionMask = 2147483647;
			files = (
			);
			runOnlyForDeploymentPostprocessing = 0;
		};
/* End PBXFrameworksBuildPhase section */

/* Begin PBXGroup section */
		2C5CFD972B8FBC4D006E1546 /* Networking */ = {
			isa = PBXGroup;
			children = (
				2C5CFD992B8FBC8E006E1546 /* NetworkManagerTests.swift */,
			);
			path = Networking;
			sourceTree = "<group>";
		};
		2C5CFD982B8FBC5A006E1546 /* BookList */ = {
			isa = PBXGroup;
			children = (
				2C5DB0AF2B8E6B8400327B61 /* ViewModel */,
				2C5DB0AC2B8E6B6900327B61 /* Views */,
			);
			path = BookList;
			sourceTree = "<group>";
		};
		2C5CFD9B2B8FC9AB006E1546 /* API */ = {
			isa = PBXGroup;
			children = (
				2C5CFD9C2B8FC9BD006E1546 /* BooksAPI.swift */,
				2C5CFD9E2B8FCBBC006E1546 /* BooksClient.swift */,
			);
			path = API;
			sourceTree = "<group>";
		};
		2C5CFDA42B8FF7D1006E1546 /* Helpers */ = {
			isa = PBXGroup;
			children = (
			);
			path = Helpers;
			sourceTree = "<group>";
		};
		2C5DB0642B8E32EB00327B61 = {
			isa = PBXGroup;
			children = (
				2C5DB06F2B8E32EB00327B61 /* Books */,
				2C5DB0802B8E32EC00327B61 /* BooksTests */,
				2C5DB08A2B8E32EC00327B61 /* BooksUITests */,
				2C5DB06E2B8E32EB00327B61 /* Products */,
			);
			sourceTree = "<group>";
		};
		2C5DB06E2B8E32EB00327B61 /* Products */ = {
			isa = PBXGroup;
			children = (
				2C5DB06D2B8E32EB00327B61 /* Books.app */,
				2C5DB07D2B8E32EC00327B61 /* BooksTests.xctest */,
				2C5DB0872B8E32EC00327B61 /* BooksUITests.xctest */,
			);
			name = Products;
			sourceTree = "<group>";
		};
		2C5DB06F2B8E32EB00327B61 /* Books */ = {
			isa = PBXGroup;
			children = (
				2C5DB0702B8E32EB00327B61 /* BooksApp.swift */,
				2C5CFDA42B8FF7D1006E1546 /* Helpers */,
				2C5DB09A2B8E3A5E00327B61 /* BooksList */,
				2C5DB0B02B8E766E00327B61 /* Networking */,
				2C5DB0742B8E32EC00327B61 /* Assets.xcassets */,
				2C5DB0762B8E32EC00327B61 /* Preview Content */,
			);
			path = Books;
			sourceTree = "<group>";
		};
		2C5DB0762B8E32EC00327B61 /* Preview Content */ = {
			isa = PBXGroup;
			children = (
				2C5DB0772B8E32EC00327B61 /* Preview Assets.xcassets */,
			);
			path = "Preview Content";
			sourceTree = "<group>";
		};
		2C5DB0802B8E32EC00327B61 /* BooksTests */ = {
			isa = PBXGroup;
			children = (
				2C5CFD972B8FBC4D006E1546 /* Networking */,
				2C5CFD982B8FBC5A006E1546 /* BookList */,
			);
			path = BooksTests;
			sourceTree = "<group>";
		};
		2C5DB08A2B8E32EC00327B61 /* BooksUITests */ = {
			isa = PBXGroup;
			children = (
				2C5DB08B2B8E32EC00327B61 /* BooksListViewUITests.swift */,
				2C5DB08D2B8E32EC00327B61 /* BooksUITestsLaunchTests.swift */,
			);
			path = BooksUITests;
			sourceTree = "<group>";
		};
		2C5DB09A2B8E3A5E00327B61 /* BooksList */ = {
			isa = PBXGroup;
			children = (
				2C5CFD9B2B8FC9AB006E1546 /* API */,
				2C5DB09F2B8E3AB400327B61 /* Models */,
				2C5DB09C2B8E3A8100327B61 /* ViewModel */,
				2C5DB09B2B8E3A7600327B61 /* Views */,
			);
			path = BooksList;
			sourceTree = "<group>";
		};
		2C5DB09B2B8E3A7600327B61 /* Views */ = {
			isa = PBXGroup;
			children = (
				2C5DB0722B8E32EB00327B61 /* BooksListView.swift */,
				2C5DB0A22B8E5DFB00327B61 /* BookDetailView.swift */,
			);
			path = Views;
			sourceTree = "<group>";
		};
		2C5DB09C2B8E3A8100327B61 /* ViewModel */ = {
			isa = PBXGroup;
			children = (
				2C5DB09D2B8E3A9700327B61 /* BooksListViewModel.swift */,
				2C5CFDA02B8FEFA5006E1546 /* BookDetailViewModel.swift */,
			);
			path = ViewModel;
			sourceTree = "<group>";
		};
		2C5DB09F2B8E3AB400327B61 /* Models */ = {
			isa = PBXGroup;
			children = (
				2C5DB0A02B8E3ACA00327B61 /* Book.swift */,
				2C5CFDA22B8FF25E006E1546 /* BookDetail.swift */,
			);
			path = Models;
			sourceTree = "<group>";
		};
		2C5DB0AC2B8E6B6900327B61 /* Views */ = {
			isa = PBXGroup;
			children = (
				2C5DB0AA2B8E681D00327B61 /* BookDetailViewTests.swift */,
				2C5DB0812B8E32EC00327B61 /* BooksListViewTests.swift */,
			);
			path = Views;
			sourceTree = "<group>";
		};
		2C5DB0AF2B8E6B8400327B61 /* ViewModel */ = {
			isa = PBXGroup;
			children = (
				2C5DB0AD2B8E6B7F00327B61 /* BooksListViewModelTests.swift */,
			);
			path = ViewModel;
			sourceTree = "<group>";
		};
		2C5DB0B02B8E766E00327B61 /* Networking */ = {
			isa = PBXGroup;
			children = (
				2C5DB0B12B8E768200327B61 /* APIRequestConfiguration.swift */,
				2C5DB0B32B8E76E900327B61 /* APIRequestParameters.swift */,
				2C5DB0B72B8E7B5C00327B61 /* NetworkError.swift */,
				2C5DB0B92B8E7B7900327B61 /* NetworkSession.swift */,
				2C5DB0B52B8E78ED00327B61 /* RESTNetworking.swift */,
			);
			path = Networking;
			sourceTree = "<group>";
		};
/* End PBXGroup section */

/* Begin PBXNativeTarget section */
		2C5DB06C2B8E32EB00327B61 /* Books */ = {
			isa = PBXNativeTarget;
			buildConfigurationList = 2C5DB0912B8E32EC00327B61 /* Build configuration list for PBXNativeTarget "Books" */;
			buildPhases = (
				2C5DB0692B8E32EB00327B61 /* Sources */,
				2C5DB06A2B8E32EB00327B61 /* Frameworks */,
				2C5DB06B2B8E32EB00327B61 /* Resources */,
			);
			buildRules = (
			);
			dependencies = (
			);
			name = Books;
			packageProductDependencies = (
			);
			productName = Books;
			productReference = 2C5DB06D2B8E32EB00327B61 /* Books.app */;
			productType = "com.apple.product-type.application";
		};
		2C5DB07C2B8E32EC00327B61 /* BooksTests */ = {
			isa = PBXNativeTarget;
			buildConfigurationList = 2C5DB0942B8E32EC00327B61 /* Build configuration list for PBXNativeTarget "BooksTests" */;
			buildPhases = (
				2C5DB0792B8E32EC00327B61 /* Sources */,
				2C5DB07A2B8E32EC00327B61 /* Frameworks */,
				2C5DB07B2B8E32EC00327B61 /* Resources */,
			);
			buildRules = (
			);
			dependencies = (
				2C5DB07F2B8E32EC00327B61 /* PBXTargetDependency */,
			);
			name = BooksTests;
			packageProductDependencies = (
				2C5DB0A82B8E620A00327B61 /* ViewInspector */,
			);
			productName = BooksTests;
			productReference = 2C5DB07D2B8E32EC00327B61 /* BooksTests.xctest */;
			productType = "com.apple.product-type.bundle.unit-test";
		};
		2C5DB0862B8E32EC00327B61 /* BooksUITests */ = {
			isa = PBXNativeTarget;
			buildConfigurationList = 2C5DB0972B8E32EC00327B61 /* Build configuration list for PBXNativeTarget "BooksUITests" */;
			buildPhases = (
				2C5DB0832B8E32EC00327B61 /* Sources */,
				2C5DB0842B8E32EC00327B61 /* Frameworks */,
				2C5DB0852B8E32EC00327B61 /* Resources */,
			);
			buildRules = (
			);
			dependencies = (
				2C5DB0892B8E32EC00327B61 /* PBXTargetDependency */,
			);
			name = BooksUITests;
			productName = BooksUITests;
			productReference = 2C5DB0872B8E32EC00327B61 /* BooksUITests.xctest */;
			productType = "com.apple.product-type.bundle.ui-testing";
		};
/* End PBXNativeTarget section */

/* Begin PBXProject section */
		2C5DB0652B8E32EB00327B61 /* Project object */ = {
			isa = PBXProject;
			attributes = {
				BuildIndependentTargetsInParallel = 1;
				LastSwiftUpdateCheck = 1520;
				LastUpgradeCheck = 1520;
				TargetAttributes = {
					2C5DB06C2B8E32EB00327B61 = {
						CreatedOnToolsVersion = 15.2;
					};
					2C5DB07C2B8E32EC00327B61 = {
						CreatedOnToolsVersion = 15.2;
						TestTargetID = 2C5DB06C2B8E32EB00327B61;
					};
					2C5DB0862B8E32EC00327B61 = {
						CreatedOnToolsVersion = 15.2;
						TestTargetID = 2C5DB06C2B8E32EB00327B61;
					};
				};
			};
			buildConfigurationList = 2C5DB0682B8E32EB00327B61 /* Build configuration list for PBXProject "Books" */;
			compatibilityVersion = "Xcode 14.0";
			developmentRegion = en;
			hasScannedForEncodings = 0;
			knownRegions = (
				en,
				Base,
			);
			mainGroup = 2C5DB0642B8E32EB00327B61;
			packageReferences = (
				2C5DB0A72B8E620A00327B61 /* XCRemoteSwiftPackageReference "ViewInspector" */,
			);
			productRefGroup = 2C5DB06E2B8E32EB00327B61 /* Products */;
			projectDirPath = "";
			projectRoot = "";
			targets = (
				2C5DB06C2B8E32EB00327B61 /* Books */,
				2C5DB07C2B8E32EC00327B61 /* BooksTests */,
				2C5DB0862B8E32EC00327B61 /* BooksUITests */,
			);
		};
/* End PBXProject section */

/* Begin PBXResourcesBuildPhase section */
		2C5DB06B2B8E32EB00327B61 /* Resources */ = {
			isa = PBXResourcesBuildPhase;
			buildActionMask = 2147483647;
			files = (
				2C5DB0782B8E32EC00327B61 /* Preview Assets.xcassets in Resources */,
				2C5DB0752B8E32EC00327B61 /* Assets.xcassets in Resources */,
			);
			runOnlyForDeploymentPostprocessing = 0;
		};
		2C5DB07B2B8E32EC00327B61 /* Resources */ = {
			isa = PBXResourcesBuildPhase;
			buildActionMask = 2147483647;
			files = (
			);
			runOnlyForDeploymentPostprocessing = 0;
		};
		2C5DB0852B8E32EC00327B61 /* Resources */ = {
			isa = PBXResourcesBuildPhase;
			buildActionMask = 2147483647;
			files = (
			);
			runOnlyForDeploymentPostprocessing = 0;
		};
/* End PBXResourcesBuildPhase section */

/* Begin PBXSourcesBuildPhase section */
		2C5DB0692B8E32EB00327B61 /* Sources */ = {
			isa = PBXSourcesBuildPhase;
			buildActionMask = 2147483647;
			files = (
				2C5DB0A12B8E3ACA00327B61 /* Book.swift in Sources */,
				2C5DB0BA2B8E7B7900327B61 /* NetworkSession.swift in Sources */,
				2C5CFD9D2B8FC9BD006E1546 /* BooksAPI.swift in Sources */,
				2C5CFDA12B8FEFA5006E1546 /* BookDetailViewModel.swift in Sources */,
				2C5DB09E2B8E3A9700327B61 /* BooksListViewModel.swift in Sources */,
				2C5CFDA32B8FF25E006E1546 /* BookDetail.swift in Sources */,
				2C5DB0A32B8E5DFB00327B61 /* BookDetailView.swift in Sources */,
				2C5DB0732B8E32EB00327B61 /* BooksListView.swift in Sources */,
				2C5DB0712B8E32EB00327B61 /* BooksApp.swift in Sources */,
				2C5DB0B62B8E78ED00327B61 /* RESTNetworking.swift in Sources */,
				2C5DB0B82B8E7B5C00327B61 /* NetworkError.swift in Sources */,
				2C5CFD9F2B8FCBBC006E1546 /* BooksClient.swift in Sources */,
				2C5DB0B22B8E768200327B61 /* APIRequestConfiguration.swift in Sources */,
				2C5DB0B42B8E76E900327B61 /* APIRequestParameters.swift in Sources */,
			);
			runOnlyForDeploymentPostprocessing = 0;
		};
		2C5DB0792B8E32EC00327B61 /* Sources */ = {
			isa = PBXSourcesBuildPhase;
			buildActionMask = 2147483647;
			files = (
				2C5CFD9A2B8FBC8E006E1546 /* NetworkManagerTests.swift in Sources */,
				2C5DB0AB2B8E681D00327B61 /* BookDetailViewTests.swift in Sources */,
				2C5DB0822B8E32EC00327B61 /* BooksListViewTests.swift in Sources */,
				2C5DB0AE2B8E6B7F00327B61 /* BooksListViewModelTests.swift in Sources */,
			);
			runOnlyForDeploymentPostprocessing = 0;
		};
		2C5DB0832B8E32EC00327B61 /* Sources */ = {
			isa = PBXSourcesBuildPhase;
			buildActionMask = 2147483647;
			files = (
				2C5DB08C2B8E32EC00327B61 /* BooksListViewUITests.swift in Sources */,
				2C5DB08E2B8E32EC00327B61 /* BooksUITestsLaunchTests.swift in Sources */,
			);
			runOnlyForDeploymentPostprocessing = 0;
		};
/* End PBXSourcesBuildPhase section */

/* Begin PBXTargetDependency section */
		2C5DB07F2B8E32EC00327B61 /* PBXTargetDependency */ = {
			isa = PBXTargetDependency;
			target = 2C5DB06C2B8E32EB00327B61 /* Books */;
			targetProxy = 2C5DB07E2B8E32EC00327B61 /* PBXContainerItemProxy */;
		};
		2C5DB0892B8E32EC00327B61 /* PBXTargetDependency */ = {
			isa = PBXTargetDependency;
			target = 2C5DB06C2B8E32EB00327B61 /* Books */;
			targetProxy = 2C5DB0882B8E32EC00327B61 /* PBXContainerItemProxy */;
		};
/* End PBXTargetDependency section */

/* Begin XCBuildConfiguration section */
		2C5DB08F2B8E32EC00327B61 /* Debug */ = {
			isa = XCBuildConfiguration;
			buildSettings = {
				ALWAYS_SEARCH_USER_PATHS = NO;
				ASSETCATALOG_COMPILER_GENERATE_SWIFT_ASSET_SYMBOL_EXTENSIONS = YES;
				CLANG_ANALYZER_NONNULL = YES;
				CLANG_ANALYZER_NUMBER_OBJECT_CONVERSION = YES_AGGRESSIVE;
				CLANG_CXX_LANGUAGE_STANDARD = "gnu++20";
				CLANG_ENABLE_MODULES = YES;
				CLANG_ENABLE_OBJC_ARC = YES;
				CLANG_ENABLE_OBJC_WEAK = YES;
				CLANG_WARN_BLOCK_CAPTURE_AUTORELEASING = YES;
				CLANG_WARN_BOOL_CONVERSION = YES;
				CLANG_WARN_COMMA = YES;
				CLANG_WARN_CONSTANT_CONVERSION = YES;
				CLANG_WARN_DEPRECATED_OBJC_IMPLEMENTATIONS = YES;
				CLANG_WARN_DIRECT_OBJC_ISA_USAGE = YES_ERROR;
				CLANG_WARN_DOCUMENTATION_COMMENTS = YES;
				CLANG_WARN_EMPTY_BODY = YES;
				CLANG_WARN_ENUM_CONVERSION = YES;
				CLANG_WARN_INFINITE_RECURSION = YES;
				CLANG_WARN_INT_CONVERSION = YES;
				CLANG_WARN_NON_LITERAL_NULL_CONVERSION = YES;
				CLANG_WARN_OBJC_IMPLICIT_RETAIN_SELF = YES;
				CLANG_WARN_OBJC_LITERAL_CONVERSION = YES;
				CLANG_WARN_OBJC_ROOT_CLASS = YES_ERROR;
				CLANG_WARN_QUOTED_INCLUDE_IN_FRAMEWORK_HEADER = YES;
				CLANG_WARN_RANGE_LOOP_ANALYSIS = YES;
				CLANG_WARN_STRICT_PROTOTYPES = YES;
				CLANG_WARN_SUSPICIOUS_MOVE = YES;
				CLANG_WARN_UNGUARDED_AVAILABILITY = YES_AGGRESSIVE;
				CLANG_WARN_UNREACHABLE_CODE = YES;
				CLANG_WARN__DUPLICATE_METHOD_MATCH = YES;
				COPY_PHASE_STRIP = NO;
				DEBUG_INFORMATION_FORMAT = dwarf;
				ENABLE_STRICT_OBJC_MSGSEND = YES;
				ENABLE_TESTABILITY = YES;
				ENABLE_USER_SCRIPT_SANDBOXING = YES;
				GCC_C_LANGUAGE_STANDARD = gnu17;
				GCC_DYNAMIC_NO_PIC = NO;
				GCC_NO_COMMON_BLOCKS = YES;
				GCC_OPTIMIZATION_LEVEL = 0;
				GCC_PREPROCESSOR_DEFINITIONS = (
					"DEBUG=1",
					"$(inherited)",
				);
				GCC_WARN_64_TO_32_BIT_CONVERSION = YES;
				GCC_WARN_ABOUT_RETURN_TYPE = YES_ERROR;
				GCC_WARN_UNDECLARED_SELECTOR = YES;
				GCC_WARN_UNINITIALIZED_AUTOS = YES_AGGRESSIVE;
				GCC_WARN_UNUSED_FUNCTION = YES;
				GCC_WARN_UNUSED_VARIABLE = YES;
				IPHONEOS_DEPLOYMENT_TARGET = 15.0;
				LOCALIZATION_PREFERS_STRING_CATALOGS = YES;
				MTL_ENABLE_DEBUG_INFO = INCLUDE_SOURCE;
				MTL_FAST_MATH = YES;
				ONLY_ACTIVE_ARCH = YES;
				SDKROOT = iphoneos;
				SWIFT_ACTIVE_COMPILATION_CONDITIONS = "DEBUG $(inherited)";
				SWIFT_OPTIMIZATION_LEVEL = "-Onone";
			};
			name = Debug;
		};
		2C5DB0902B8E32EC00327B61 /* Release */ = {
			isa = XCBuildConfiguration;
			buildSettings = {
				ALWAYS_SEARCH_USER_PATHS = NO;
				ASSETCATALOG_COMPILER_GENERATE_SWIFT_ASSET_SYMBOL_EXTENSIONS = YES;
				CLANG_ANALYZER_NONNULL = YES;
				CLANG_ANALYZER_NUMBER_OBJECT_CONVERSION = YES_AGGRESSIVE;
				CLANG_CXX_LANGUAGE_STANDARD = "gnu++20";
				CLANG_ENABLE_MODULES = YES;
				CLANG_ENABLE_OBJC_ARC = YES;
				CLANG_ENABLE_OBJC_WEAK = YES;
				CLANG_WARN_BLOCK_CAPTURE_AUTORELEASING = YES;
				CLANG_WARN_BOOL_CONVERSION = YES;
				CLANG_WARN_COMMA = YES;
				CLANG_WARN_CONSTANT_CONVERSION = YES;
				CLANG_WARN_DEPRECATED_OBJC_IMPLEMENTATIONS = YES;
				CLANG_WARN_DIRECT_OBJC_ISA_USAGE = YES_ERROR;
				CLANG_WARN_DOCUMENTATION_COMMENTS = YES;
				CLANG_WARN_EMPTY_BODY = YES;
				CLANG_WARN_ENUM_CONVERSION = YES;
				CLANG_WARN_INFINITE_RECURSION = YES;
				CLANG_WARN_INT_CONVERSION = YES;
				CLANG_WARN_NON_LITERAL_NULL_CONVERSION = YES;
				CLANG_WARN_OBJC_IMPLICIT_RETAIN_SELF = YES;
				CLANG_WARN_OBJC_LITERAL_CONVERSION = YES;
				CLANG_WARN_OBJC_ROOT_CLASS = YES_ERROR;
				CLANG_WARN_QUOTED_INCLUDE_IN_FRAMEWORK_HEADER = YES;
				CLANG_WARN_RANGE_LOOP_ANALYSIS = YES;
				CLANG_WARN_STRICT_PROTOTYPES = YES;
				CLANG_WARN_SUSPICIOUS_MOVE = YES;
				CLANG_WARN_UNGUARDED_AVAILABILITY = YES_AGGRESSIVE;
				CLANG_WARN_UNREACHABLE_CODE = YES;
				CLANG_WARN__DUPLICATE_METHOD_MATCH = YES;
				COPY_PHASE_STRIP = NO;
				DEBUG_INFORMATION_FORMAT = "dwarf-with-dsym";
				ENABLE_NS_ASSERTIONS = NO;
				ENABLE_STRICT_OBJC_MSGSEND = YES;
				ENABLE_USER_SCRIPT_SANDBOXING = YES;
				GCC_C_LANGUAGE_STANDARD = gnu17;
				GCC_NO_COMMON_BLOCKS = YES;
				GCC_WARN_64_TO_32_BIT_CONVERSION = YES;
				GCC_WARN_ABOUT_RETURN_TYPE = YES_ERROR;
				GCC_WARN_UNDECLARED_SELECTOR = YES;
				GCC_WARN_UNINITIALIZED_AUTOS = YES_AGGRESSIVE;
				GCC_WARN_UNUSED_FUNCTION = YES;
				GCC_WARN_UNUSED_VARIABLE = YES;
				IPHONEOS_DEPLOYMENT_TARGET = 15.0;
				LOCALIZATION_PREFERS_STRING_CATALOGS = YES;
				MTL_ENABLE_DEBUG_INFO = NO;
				MTL_FAST_MATH = YES;
				SDKROOT = iphoneos;
				SWIFT_COMPILATION_MODE = wholemodule;
				VALIDATE_PRODUCT = YES;
			};
			name = Release;
		};
		2C5DB0922B8E32EC00327B61 /* Debug */ = {
			isa = XCBuildConfiguration;
			buildSettings = {
				ASSETCATALOG_COMPILER_APPICON_NAME = AppIcon;
				ASSETCATALOG_COMPILER_GLOBAL_ACCENT_COLOR_NAME = AccentColor;
				CODE_SIGN_STYLE = Automatic;
				CURRENT_PROJECT_VERSION = 1;
				DEVELOPMENT_ASSET_PATHS = "\"Books/Preview Content\"";
				DEVELOPMENT_TEAM = 68SY486YZ7;
				ENABLE_PREVIEWS = YES;
				GENERATE_INFOPLIST_FILE = YES;
				INFOPLIST_KEY_UIApplicationSceneManifest_Generation = YES;
				INFOPLIST_KEY_UIApplicationSupportsIndirectInputEvents = YES;
				INFOPLIST_KEY_UILaunchScreen_Generation = YES;
				INFOPLIST_KEY_UISupportedInterfaceOrientations_iPad = "UIInterfaceOrientationPortrait UIInterfaceOrientationPortraitUpsideDown UIInterfaceOrientationLandscapeLeft UIInterfaceOrientationLandscapeRight";
				INFOPLIST_KEY_UISupportedInterfaceOrientations_iPhone = "UIInterfaceOrientationPortrait UIInterfaceOrientationLandscapeLeft UIInterfaceOrientationLandscapeRight";
				IPHONEOS_DEPLOYMENT_TARGET = 15.0;
				LD_RUNPATH_SEARCH_PATHS = (
					"$(inherited)",
					"@executable_path/Frameworks",
				);
				MARKETING_VERSION = 1.0;
				PRODUCT_BUNDLE_IDENTIFIER = chen.Books;
				PRODUCT_NAME = "$(TARGET_NAME)";
				SWIFT_EMIT_LOC_STRINGS = YES;
				SWIFT_VERSION = 5.0;
				TARGETED_DEVICE_FAMILY = "1,2";
			};
			name = Debug;
		};
		2C5DB0932B8E32EC00327B61 /* Release */ = {
			isa = XCBuildConfiguration;
			buildSettings = {
				ASSETCATALOG_COMPILER_APPICON_NAME = AppIcon;
				ASSETCATALOG_COMPILER_GLOBAL_ACCENT_COLOR_NAME = AccentColor;
				CODE_SIGN_STYLE = Automatic;
				CURRENT_PROJECT_VERSION = 1;
				DEVELOPMENT_ASSET_PATHS = "\"Books/Preview Content\"";
				DEVELOPMENT_TEAM = 68SY486YZ7;
				ENABLE_PREVIEWS = YES;
				GENERATE_INFOPLIST_FILE = YES;
				INFOPLIST_KEY_UIApplicationSceneManifest_Generation = YES;
				INFOPLIST_KEY_UIApplicationSupportsIndirectInputEvents = YES;
				INFOPLIST_KEY_UILaunchScreen_Generation = YES;
				INFOPLIST_KEY_UISupportedInterfaceOrientations_iPad = "UIInterfaceOrientationPortrait UIInterfaceOrientationPortraitUpsideDown UIInterfaceOrientationLandscapeLeft UIInterfaceOrientationLandscapeRight";
				INFOPLIST_KEY_UISupportedInterfaceOrientations_iPhone = "UIInterfaceOrientationPortrait UIInterfaceOrientationLandscapeLeft UIInterfaceOrientationLandscapeRight";
				IPHONEOS_DEPLOYMENT_TARGET = 15.0;
				LD_RUNPATH_SEARCH_PATHS = (
					"$(inherited)",
					"@executable_path/Frameworks",
				);
				MARKETING_VERSION = 1.0;
				PRODUCT_BUNDLE_IDENTIFIER = chen.Books;
				PRODUCT_NAME = "$(TARGET_NAME)";
				SWIFT_EMIT_LOC_STRINGS = YES;
				SWIFT_VERSION = 5.0;
				TARGETED_DEVICE_FAMILY = "1,2";
			};
			name = Release;
		};
		2C5DB0952B8E32EC00327B61 /* Debug */ = {
			isa = XCBuildConfiguration;
			buildSettings = {
				ALWAYS_EMBED_SWIFT_STANDARD_LIBRARIES = YES;
				BUNDLE_LOADER = "$(TEST_HOST)";
				CODE_SIGN_STYLE = Automatic;
				CURRENT_PROJECT_VERSION = 1;
				GENERATE_INFOPLIST_FILE = YES;
				IPHONEOS_DEPLOYMENT_TARGET = 15.0;
				MARKETING_VERSION = 1.0;
				PRODUCT_BUNDLE_IDENTIFIER = chen.BooksTests;
				PRODUCT_NAME = "$(TARGET_NAME)";
				SWIFT_EMIT_LOC_STRINGS = NO;
				SWIFT_VERSION = 5.0;
				TARGETED_DEVICE_FAMILY = "1,2";
				TEST_HOST = "$(BUILT_PRODUCTS_DIR)/Books.app/$(BUNDLE_EXECUTABLE_FOLDER_PATH)/Books";
			};
			name = Debug;
		};
		2C5DB0962B8E32EC00327B61 /* Release */ = {
			isa = XCBuildConfiguration;
			buildSettings = {
				ALWAYS_EMBED_SWIFT_STANDARD_LIBRARIES = YES;
				BUNDLE_LOADER = "$(TEST_HOST)";
				CODE_SIGN_STYLE = Automatic;
				CURRENT_PROJECT_VERSION = 1;
				GENERATE_INFOPLIST_FILE = YES;
				IPHONEOS_DEPLOYMENT_TARGET = 15.0;
				MARKETING_VERSION = 1.0;
				PRODUCT_BUNDLE_IDENTIFIER = chen.BooksTests;
				PRODUCT_NAME = "$(TARGET_NAME)";
				SWIFT_EMIT_LOC_STRINGS = NO;
				SWIFT_VERSION = 5.0;
				TARGETED_DEVICE_FAMILY = "1,2";
				TEST_HOST = "$(BUILT_PRODUCTS_DIR)/Books.app/$(BUNDLE_EXECUTABLE_FOLDER_PATH)/Books";
			};
			name = Release;
		};
		2C5DB0982B8E32EC00327B61 /* Debug */ = {
			isa = XCBuildConfiguration;
			buildSettings = {
				ALWAYS_EMBED_SWIFT_STANDARD_LIBRARIES = YES;
				CODE_SIGN_STYLE = Automatic;
				CURRENT_PROJECT_VERSION = 1;
				GENERATE_INFOPLIST_FILE = YES;
				MARKETING_VERSION = 1.0;
				PRODUCT_BUNDLE_IDENTIFIER = chen.BooksUITests;
				PRODUCT_NAME = "$(TARGET_NAME)";
				SWIFT_EMIT_LOC_STRINGS = NO;
				SWIFT_VERSION = 5.0;
				TARGETED_DEVICE_FAMILY = "1,2";
				TEST_TARGET_NAME = Books;
			};
			name = Debug;
		};
		2C5DB0992B8E32EC00327B61 /* Release */ = {
			isa = XCBuildConfiguration;
			buildSettings = {
				ALWAYS_EMBED_SWIFT_STANDARD_LIBRARIES = YES;
				CODE_SIGN_STYLE = Automatic;
				CURRENT_PROJECT_VERSION = 1;
				GENERATE_INFOPLIST_FILE = YES;
				MARKETING_VERSION = 1.0;
				PRODUCT_BUNDLE_IDENTIFIER = chen.BooksUITests;
				PRODUCT_NAME = "$(TARGET_NAME)";
				SWIFT_EMIT_LOC_STRINGS = NO;
				SWIFT_VERSION = 5.0;
				TARGETED_DEVICE_FAMILY = "1,2";
				TEST_TARGET_NAME = Books;
			};
			name = Release;
		};
/* End XCBuildConfiguration section */

/* Begin XCConfigurationList section */
		2C5DB0682B8E32EB00327B61 /* Build configuration list for PBXProject "Books" */ = {
			isa = XCConfigurationList;
			buildConfigurations = (
				2C5DB08F2B8E32EC00327B61 /* Debug */,
				2C5DB0902B8E32EC00327B61 /* Release */,
			);
			defaultConfigurationIsVisible = 0;
			defaultConfigurationName = Release;
		};
		2C5DB0912B8E32EC00327B61 /* Build configuration list for PBXNativeTarget "Books" */ = {
			isa = XCConfigurationList;
			buildConfigurations = (
				2C5DB0922B8E32EC00327B61 /* Debug */,
				2C5DB0932B8E32EC00327B61 /* Release */,
			);
			defaultConfigurationIsVisible = 0;
			defaultConfigurationName = Release;
		};
		2C5DB0942B8E32EC00327B61 /* Build configuration list for PBXNativeTarget "BooksTests" */ = {
			isa = XCConfigurationList;
			buildConfigurations = (
				2C5DB0952B8E32EC00327B61 /* Debug */,
				2C5DB0962B8E32EC00327B61 /* Release */,
			);
			defaultConfigurationIsVisible = 0;
			defaultConfigurationName = Release;
		};
		2C5DB0972B8E32EC00327B61 /* Build configuration list for PBXNativeTarget "BooksUITests" */ = {
			isa = XCConfigurationList;
			buildConfigurations = (
				2C5DB0982B8E32EC00327B61 /* Debug */,
				2C5DB0992B8E32EC00327B61 /* Release */,
			);
			defaultConfigurationIsVisible = 0;
			defaultConfigurationName = Release;
		};
/* End XCConfigurationList section */

/* Begin XCRemoteSwiftPackageReference section */
		2C5DB0A72B8E620A00327B61 /* XCRemoteSwiftPackageReference "ViewInspector" */ = {
			isa = XCRemoteSwiftPackageReference;
			repositoryURL = "https://github.com/nalexn/ViewInspector";
			requirement = {
				kind = upToNextMajorVersion;
				minimumVersion = 0.9.10;
			};
		};
/* End XCRemoteSwiftPackageReference section */

/* Begin XCSwiftPackageProductDependency section */
		2C5DB0A82B8E620A00327B61 /* ViewInspector */ = {
			isa = XCSwiftPackageProductDependency;
			package = 2C5DB0A72B8E620A00327B61 /* XCRemoteSwiftPackageReference "ViewInspector" */;
			productName = ViewInspector;
		};
/* End XCSwiftPackageProductDependency section */
	};
	rootObject = 2C5DB0652B8E32EB00327B61 /* Project object */;
}
